// !$*UTF8*$!
{
	archiveVersion = 1;
	classes = {
	};
	objectVersion = 46;
	objects = {

/* Begin PBXBuildFile section */
		4AE0D82E1D3282E400D33554 /* AppDelegate.swift in Sources */ = {isa = PBXBuildFile; fileRef = 4AE0D82D1D3282E400D33554 /* AppDelegate.swift */; };
		4AE0D8301D3282E400D33554 /* ViewController.swift in Sources */ = {isa = PBXBuildFile; fileRef = 4AE0D82F1D3282E400D33554 /* ViewController.swift */; };
		4AE0D8331D3282E400D33554 /* Main.storyboard in Resources */ = {isa = PBXBuildFile; fileRef = 4AE0D8311D3282E400D33554 /* Main.storyboard */; };
		4AE0D8351D3282E400D33554 /* Assets.xcassets in Resources */ = {isa = PBXBuildFile; fileRef = 4AE0D8341D3282E400D33554 /* Assets.xcassets */; };
		4AE0D8381D3282E400D33554 /* LaunchScreen.storyboard in Resources */ = {isa = PBXBuildFile; fileRef = 4AE0D8361D3282E400D33554 /* LaunchScreen.storyboard */; };
		4AE0D8431D3282E400D33554 /* TrainAlphaTests.swift in Sources */ = {isa = PBXBuildFile; fileRef = 4AE0D8421D3282E400D33554 /* TrainAlphaTests.swift */; };
		4AE0D84E1D3282E400D33554 /* TrainAlphaUITests.swift in Sources */ = {isa = PBXBuildFile; fileRef = 4AE0D84D1D3282E400D33554 /* TrainAlphaUITests.swift */; };
/* End PBXBuildFile section */

/* Begin PBXContainerItemProxy section */
		4AE0D83F1D3282E400D33554 /* PBXContainerItemProxy */ = {
			isa = PBXContainerItemProxy;
			containerPortal = 4AE0D8221D3282E400D33554 /* Project object */;
			proxyType = 1;
			remoteGlobalIDString = 4AE0D8291D3282E400D33554;
			remoteInfo = TrainAlpha;
		};
		4AE0D84A1D3282E400D33554 /* PBXContainerItemProxy */ = {
			isa = PBXContainerItemProxy;
			containerPortal = 4AE0D8221D3282E400D33554 /* Project object */;
			proxyType = 1;
			remoteGlobalIDString = 4AE0D8291D3282E400D33554;
			remoteInfo = TrainAlpha;
		};
/* End PBXContainerItemProxy section */

/* Begin PBXFileReference section */
		4AE0D82A1D3282E400D33554 /* TrainAlpha.app */ = {isa = PBXFileReference; explicitFileType = wrapper.application; includeInIndex = 0; path = TrainAlpha.app; sourceTree = BUILT_PRODUCTS_DIR; };
		4AE0D82D1D3282E400D33554 /* AppDelegate.swift */ = {isa = PBXFileReference; lastKnownFileType = sourcecode.swift; path = AppDelegate.swift; sourceTree = "<group>"; };
		4AE0D82F1D3282E400D33554 /* ViewController.swift */ = {isa = PBXFileReference; lastKnownFileType = sourcecode.swift; path = ViewController.swift; sourceTree = "<group>"; };
		4AE0D8321D3282E400D33554 /* Base */ = {isa = PBXFileReference; lastKnownFileType = file.storyboard; name = Base; path = Base.lproj/Main.storyboard; sourceTree = "<group>"; };
		4AE0D8341D3282E400D33554 /* Assets.xcassets */ = {isa = PBXFileReference; lastKnownFileType = folder.assetcatalog; path = Assets.xcassets; sourceTree = "<group>"; };
		4AE0D8371D3282E400D33554 /* Base */ = {isa = PBXFileReference; lastKnownFileType = file.storyboard; name = Base; path = Base.lproj/LaunchScreen.storyboard; sourceTree = "<group>"; };
		4AE0D8391D3282E400D33554 /* Info.plist */ = {isa = PBXFileReference; lastKnownFileType = text.plist.xml; path = Info.plist; sourceTree = "<group>"; };
		4AE0D83E1D3282E400D33554 /* TrainAlphaTests.xctest */ = {isa = PBXFileReference; explicitFileType = wrapper.cfbundle; includeInIndex = 0; path = TrainAlphaTests.xctest; sourceTree = BUILT_PRODUCTS_DIR; };
		4AE0D8421D3282E400D33554 /* TrainAlphaTests.swift */ = {isa = PBXFileReference; lastKnownFileType = sourcecode.swift; path = TrainAlphaTests.swift; sourceTree = "<group>"; };
		4AE0D8441D3282E400D33554 /* Info.plist */ = {isa = PBXFileReference; lastKnownFileType = text.plist.xml; path = Info.plist; sourceTree = "<group>"; };
		4AE0D8491D3282E400D33554 /* TrainAlphaUITests.xctest */ = {isa = PBXFileReference; explicitFileType = wrapper.cfbundle; includeInIndex = 0; path = TrainAlphaUITests.xctest; sourceTree = BUILT_PRODUCTS_DIR; };
		4AE0D84D1D3282E400D33554 /* TrainAlphaUITests.swift */ = {isa = PBXFileReference; lastKnownFileType = sourcecode.swift; path = TrainAlphaUITests.swift; sourceTree = "<group>"; };
		4AE0D84F1D3282E400D33554 /* Info.plist */ = {isa = PBXFileReference; lastKnownFileType = text.plist.xml; path = Info.plist; sourceTree = "<group>"; };
/* End PBXFileReference section */

/* Begin PBXFrameworksBuildPhase section */
		4AE0D8271D3282E400D33554 /* Frameworks */ = {
			isa = PBXFrameworksBuildPhase;
			buildActionMask = 2147483647;
			files = (
			);
			runOnlyForDeploymentPostprocessing = 0;
		};
		4AE0D83B1D3282E400D33554 /* Frameworks */ = {
			isa = PBXFrameworksBuildPhase;
			buildActionMask = 2147483647;
			files = (
			);
			runOnlyForDeploymentPostprocessing = 0;
		};
		4AE0D8461D3282E400D33554 /* Frameworks */ = {
			isa = PBXFrameworksBuildPhase;
			buildActionMask = 2147483647;
			files = (
			);
			runOnlyForDeploymentPostprocessing = 0;
		};
/* End PBXFrameworksBuildPhase section */

/* Begin PBXGroup section */
		4AE0D8211D3282E400D33554 = {
			isa = PBXGroup;
			children = (
				4AE0D82C1D3282E400D33554 /* TrainAlpha */,
				4AE0D8411D3282E400D33554 /* TrainAlphaTests */,
				4AE0D84C1D3282E400D33554 /* TrainAlphaUITests */,
				4AE0D82B1D3282E400D33554 /* Products */,
			);
			sourceTree = "<group>";
		};
		4AE0D82B1D3282E400D33554 /* Products */ = {
			isa = PBXGroup;
			children = (
				4AE0D82A1D3282E400D33554 /* TrainAlpha.app */,
				4AE0D83E1D3282E400D33554 /* TrainAlphaTests.xctest */,
				4AE0D8491D3282E400D33554 /* TrainAlphaUITests.xctest */,
			);
			name = Products;
			sourceTree = "<group>";
		};
		4AE0D82C1D3282E400D33554 /* TrainAlpha */ = {
			isa = PBXGroup;
			children = (
				4AE0D82D1D3282E400D33554 /* AppDelegate.swift */,
				4AE0D82F1D3282E400D33554 /* ViewController.swift */,
				4AE0D8311D3282E400D33554 /* Main.storyboard */,
				4AE0D8341D3282E400D33554 /* Assets.xcassets */,
				4AE0D8361D3282E400D33554 /* LaunchScreen.storyboard */,
				4AE0D8391D3282E400D33554 /* Info.plist */,
			);
			path = TrainAlpha;
			sourceTree = "<group>";
		};
		4AE0D8411D3282E400D33554 /* TrainAlphaTests */ = {
			isa = PBXGroup;
			children = (
				4AE0D8421D3282E400D33554 /* TrainAlphaTests.swift */,
				4AE0D8441D3282E400D33554 /* Info.plist */,
			);
			path = TrainAlphaTests;
			sourceTree = "<group>";
		};
		4AE0D84C1D3282E400D33554 /* TrainAlphaUITests */ = {
			isa = PBXGroup;
			children = (
				4AE0D84D1D3282E400D33554 /* TrainAlphaUITests.swift */,
				4AE0D84F1D3282E400D33554 /* Info.plist */,
			);
			path = TrainAlphaUITests;
			sourceTree = "<group>";
		};
/* End PBXGroup section */

/* Begin PBXNativeTarget section */
		4AE0D8291D3282E400D33554 /* TrainAlpha */ = {
			isa = PBXNativeTarget;
			buildConfigurationList = 4AE0D8521D3282E400D33554 /* Build configuration list for PBXNativeTarget "TrainAlpha" */;
			buildPhases = (
				4AE0D8261D3282E400D33554 /* Sources */,
				4AE0D8271D3282E400D33554 /* Frameworks */,
				4AE0D8281D3282E400D33554 /* Resources */,
			);
			buildRules = (
			);
			dependencies = (
			);
			name = TrainAlpha;
			productName = TrainAlpha;
			productReference = 4AE0D82A1D3282E400D33554 /* TrainAlpha.app */;
			productType = "com.apple.product-type.application";
		};
		4AE0D83D1D3282E400D33554 /* TrainAlphaTests */ = {
			isa = PBXNativeTarget;
			buildConfigurationList = 4AE0D8551D3282E400D33554 /* Build configuration list for PBXNativeTarget "TrainAlphaTests" */;
			buildPhases = (
				4AE0D83A1D3282E400D33554 /* Sources */,
				4AE0D83B1D3282E400D33554 /* Frameworks */,
				4AE0D83C1D3282E400D33554 /* Resources */,
			);
			buildRules = (
			);
			dependencies = (
				4AE0D8401D3282E400D33554 /* PBXTargetDependency */,
			);
			name = TrainAlphaTests;
			productName = TrainAlphaTests;
			productReference = 4AE0D83E1D3282E400D33554 /* TrainAlphaTests.xctest */;
			productType = "com.apple.product-type.bundle.unit-test";
		};
		4AE0D8481D3282E400D33554 /* TrainAlphaUITests */ = {
			isa = PBXNativeTarget;
			buildConfigurationList = 4AE0D8581D3282E400D33554 /* Build configuration list for PBXNativeTarget "TrainAlphaUITests" */;
			buildPhases = (
				4AE0D8451D3282E400D33554 /* Sources */,
				4AE0D8461D3282E400D33554 /* Frameworks */,
				4AE0D8471D3282E400D33554 /* Resources */,
			);
			buildRules = (
			);
			dependencies = (
				4AE0D84B1D3282E400D33554 /* PBXTargetDependency */,
			);
			name = TrainAlphaUITests;
			productName = TrainAlphaUITests;
			productReference = 4AE0D8491D3282E400D33554 /* TrainAlphaUITests.xctest */;
			productType = "com.apple.product-type.bundle.ui-testing";
		};
/* End PBXNativeTarget section */

/* Begin PBXProject section */
		4AE0D8221D3282E400D33554 /* Project object */ = {
			isa = PBXProject;
			attributes = {
				LastSwiftUpdateCheck = 0730;
				LastUpgradeCheck = 0730;
				ORGANIZATIONNAME = "丹羽拓実";
				TargetAttributes = {
					4AE0D8291D3282E400D33554 = {
						CreatedOnToolsVersion = 7.3.1;
					};
					4AE0D83D1D3282E400D33554 = {
						CreatedOnToolsVersion = 7.3.1;
						TestTargetID = 4AE0D8291D3282E400D33554;
					};
					4AE0D8481D3282E400D33554 = {
						CreatedOnToolsVersion = 7.3.1;
						TestTargetID = 4AE0D8291D3282E400D33554;
					};
				};
			};
			buildConfigurationList = 4AE0D8251D3282E400D33554 /* Build configuration list for PBXProject "TrainAlpha" */;
			compatibilityVersion = "Xcode 3.2";
			developmentRegion = English;
			hasScannedForEncodings = 0;
			knownRegions = (
				en,
				Base,
			);
			mainGroup = 4AE0D8211D3282E400D33554;
			productRefGroup = 4AE0D82B1D3282E400D33554 /* Products */;
			projectDirPath = "";
			projectRoot = "";
			targets = (
				4AE0D8291D3282E400D33554 /* TrainAlpha */,
				4AE0D83D1D3282E400D33554 /* TrainAlphaTests */,
				4AE0D8481D3282E400D33554 /* TrainAlphaUITests */,
			);
		};
/* End PBXProject section */

/* Begin PBXResourcesBuildPhase section */
		4AE0D8281D3282E400D33554 /* Resources */ = {
			isa = PBXResourcesBuildPhase;
			buildActionMask = 2147483647;
			files = (
				4AE0D8381D3282E400D33554 /* LaunchScreen.storyboard in Resources */,
				4AE0D8351D3282E400D33554 /* Assets.xcassets in Resources */,
				4AE0D8331D3282E400D33554 /* Main.storyboard in Resources */,
			);
			runOnlyForDeploymentPostprocessing = 0;
		};
		4AE0D83C1D3282E400D33554 /* Resources */ = {
			isa = PBXResourcesBuildPhase;
			buildActionMask = 2147483647;
			files = (
			);
			runOnlyForDeploymentPostprocessing = 0;
		};
		4AE0D8471D3282E400D33554 /* Resources */ = {
			isa = PBXResourcesBuildPhase;
			buildActionMask = 2147483647;
			files = (
			);
			runOnlyForDeploymentPostprocessing = 0;
		};
/* End PBXResourcesBuildPhase section */

/* Begin PBXSourcesBuildPhase section */
		4AE0D8261D3282E400D33554 /* Sources */ = {
			isa = PBXSourcesBuildPhase;
			buildActionMask = 2147483647;
			files = (
				4AE0D8301D3282E400D33554 /* ViewController.swift in Sources */,
				4AE0D82E1D3282E400D33554 /* AppDelegate.swift in Sources */,
			);
			runOnlyForDeploymentPostprocessing = 0;
		};
		4AE0D83A1D3282E400D33554 /* Sources */ = {
			isa = PBXSourcesBuildPhase;
			buildActionMask = 2147483647;
			files = (
				4AE0D8431D3282E400D33554 /* TrainAlphaTests.swift in Sources */,
			);
			runOnlyForDeploymentPostprocessing = 0;
		};
		4AE0D8451D3282E400D33554 /* Sources */ = {
			isa = PBXSourcesBuildPhase;
			buildActionMask = 2147483647;
			files = (
				4AE0D84E1D3282E400D33554 /* TrainAlphaUITests.swift in Sources */,
			);
			runOnlyForDeploymentPostprocessing = 0;
		};
/* End PBXSourcesBuildPhase section */

/* Begin PBXTargetDependency section */
		4AE0D8401D3282E400D33554 /* PBXTargetDependency */ = {
			isa = PBXTargetDependency;
			target = 4AE0D8291D3282E400D33554 /* TrainAlpha */;
			targetProxy = 4AE0D83F1D3282E400D33554 /* PBXContainerItemProxy */;
		};
		4AE0D84B1D3282E400D33554 /* PBXTargetDependency */ = {
			isa = PBXTargetDependency;
			target = 4AE0D8291D3282E400D33554 /* TrainAlpha */;
			targetProxy = 4AE0D84A1D3282E400D33554 /* PBXContainerItemProxy */;
		};
/* End PBXTargetDependency section */

/* Begin PBXVariantGroup section */
		4AE0D8311D3282E400D33554 /* Main.storyboard */ = {
			isa = PBXVariantGroup;
			children = (
				4AE0D8321D3282E400D33554 /* Base */,
			);
			name = Main.storyboard;
			sourceTree = "<group>";
		};
		4AE0D8361D3282E400D33554 /* LaunchScreen.storyboard */ = {
			isa = PBXVariantGroup;
			children = (
				4AE0D8371D3282E400D33554 /* Base */,
			);
			name = LaunchScreen.storyboard;
			sourceTree = "<group>";
		};
/* End PBXVariantGroup section */

/* Begin XCBuildConfiguration section */
		4AE0D8501D3282E400D33554 /* Debug */ = {
			isa = XCBuildConfiguration;
			buildSettings = {
				ALWAYS_SEARCH_USER_PATHS = NO;
				CLANG_ANALYZER_NONNULL = YES;
				CLANG_CXX_LANGUAGE_STANDARD = "gnu++0x";
				CLANG_CXX_LIBRARY = "libc++";
				CLANG_ENABLE_MODULES = YES;
				CLANG_ENABLE_OBJC_ARC = YES;
				CLANG_WARN_BOOL_CONVERSION = YES;
				CLANG_WARN_CONSTANT_CONVERSION = YES;
				CLANG_WARN_DIRECT_OBJC_ISA_USAGE = YES_ERROR;
				CLANG_WARN_EMPTY_BODY = YES;
				CLANG_WARN_ENUM_CONVERSION = YES;
				CLANG_WARN_INT_CONVERSION = YES;
				CLANG_WARN_OBJC_ROOT_CLASS = YES_ERROR;
				CLANG_WARN_UNREACHABLE_CODE = YES;
				CLANG_WARN__DUPLICATE_METHOD_MATCH = YES;
				"CODE_SIGN_IDENTITY[sdk=iphoneos*]" = "iPhone Developer";
				COPY_PHASE_STRIP = NO;
				DEBUG_INFORMATION_FORMAT = dwarf;
				ENABLE_STRICT_OBJC_MSGSEND = YES;
				ENABLE_TESTABILITY = YES;
				GCC_C_LANGUAGE_STANDARD = gnu99;
				GCC_DYNAMIC_NO_PIC = NO;
				GCC_NO_COMMON_BLOCKS = YES;
				GCC_OPTIMIZATION_LEVEL = 0;
				GCC_PREPROCESSOR_DEFINITIONS = (
					"DEBUG=1",
					"$(inherited)",
				);
				GCC_WARN_64_TO_32_BIT_CONVERSION = YES;
				GCC_WARN_ABOUT_RETURN_TYPE = YES_ERROR;
				GCC_WARN_UNDECLARED_SELECTOR = YES;
				GCC_WARN_UNINITIALIZED_AUTOS = YES_AGGRESSIVE;
				GCC_WARN_UNUSED_FUNCTION = YES;
				GCC_WARN_UNUSED_VARIABLE = YES;
				IPHONEOS_DEPLOYMENT_TARGET = 9.3;
				MTL_ENABLE_DEBUG_INFO = YES;
				ONLY_ACTIVE_ARCH = YES;
				SDKROOT = iphoneos;
				SWIFT_OPTIMIZATION_LEVEL = "-Onone";
			};
			name = Debug;
		};
		4AE0D8511D3282E400D33554 /* Release */ = {
			isa = XCBuildConfiguration;
			buildSettings = {
				ALWAYS_SEARCH_USER_PATHS = NO;
				CLANG_ANALYZER_NONNULL = YES;
				CLANG_CXX_LANGUAGE_STANDARD = "gnu++0x";
				CLANG_CXX_LIBRARY = "libc++";
				CLANG_ENABLE_MODULES = YES;
				CLANG_ENABLE_OBJC_ARC = YES;
				CLANG_WARN_BOOL_CONVERSION = YES;
				CLANG_WARN_CONSTANT_CONVERSION = YES;
				CLANG_WARN_DIRECT_OBJC_ISA_USAGE = YES_ERROR;
				CLANG_WARN_EMPTY_BODY = YES;
				CLANG_WARN_ENUM_CONVERSION = YES;
				CLANG_WARN_INT_CONVERSION = YES;
				CLANG_WARN_OBJC_ROOT_CLASS = YES_ERROR;
				CLANG_WARN_UNREACHABLE_CODE = YES;
				CLANG_WARN__DUPLICATE_METHOD_MATCH = YES;
				"CODE_SIGN_IDENTITY[sdk=iphoneos*]" = "iPhone Developer";
				COPY_PHASE_STRIP = NO;
				DEBUG_INFORMATION_FORMAT = "dwarf-with-dsym";
				ENABLE_NS_ASSERTIONS = NO;
				ENABLE_STRICT_OBJC_MSGSEND = YES;
				GCC_C_LANGUAGE_STANDARD = gnu99;
				GCC_NO_COMMON_BLOCKS = YES;
				GCC_WARN_64_TO_32_BIT_CONVERSION = YES;
				GCC_WARN_ABOUT_RETURN_TYPE = YES_ERROR;
				GCC_WARN_UNDECLARED_SELECTOR = YES;
				GCC_WARN_UNINITIALIZED_AUTOS = YES_AGGRESSIVE;
				GCC_WARN_UNUSED_FUNCTION = YES;
				GCC_WARN_UNUSED_VARIABLE = YES;
				IPHONEOS_DEPLOYMENT_TARGET = 9.3;
				MTL_ENABLE_DEBUG_INFO = NO;
				SDKROOT = iphoneos;
				VALIDATE_PRODUCT = YES;
			};
			name = Release;
		};
		4AE0D8531D3282E400D33554 /* Debug */ = {
			isa = XCBuildConfiguration;
			buildSettings = {
				ASSETCATALOG_COMPILER_APPICON_NAME = AppIcon;
				INFOPLIST_FILE = TrainAlpha/Info.plist;
				LD_RUNPATH_SEARCH_PATHS = "$(inherited) @executable_path/Frameworks";
				PRODUCT_BUNDLE_IDENTIFIER = com.text.moc.obal.esorih.TrainAlpha;
				PRODUCT_NAME = "$(TARGET_NAME)";
			};
			name = Debug;
		};
		4AE0D8541D3282E400D33554 /* Release */ = {
			isa = XCBuildConfiguration;
			buildSettings = {
				ASSETCATALOG_COMPILER_APPICON_NAME = AppIcon;
				INFOPLIST_FILE = TrainAlpha/Info.plist;
				LD_RUNPATH_SEARCH_PATHS = "$(inherited) @executable_path/Frameworks";
				PRODUCT_BUNDLE_IDENTIFIER = com.text.moc.obal.esorih.TrainAlpha;
				PRODUCT_NAME = "$(TARGET_NAME)";
			};
			name = Release;
		};
		4AE0D8561D3282E400D33554 /* Debug */ = {
			isa = XCBuildConfiguration;
			buildSettings = {
				BUNDLE_LOADER = "$(TEST_HOST)";
				INFOPLIST_FILE = TrainAlphaTests/Info.plist;
				LD_RUNPATH_SEARCH_PATHS = "$(inherited) @executable_path/Frameworks @loader_path/Frameworks";
				PRODUCT_BUNDLE_IDENTIFIER = com.text.moc.obal.esorih.TrainAlphaTests;
				PRODUCT_NAME = "$(TARGET_NAME)";
				TEST_HOST = "$(BUILT_PRODUCTS_DIR)/TrainAlpha.app/TrainAlpha";
			};
			name = Debug;
		};
		4AE0D8571D3282E400D33554 /* Release */ = {
			isa = XCBuildConfiguration;
			buildSettings = {
				BUNDLE_LOADER = "$(TEST_HOST)";
				INFOPLIST_FILE = TrainAlphaTests/Info.plist;
				LD_RUNPATH_SEARCH_PATHS = "$(inherited) @executable_path/Frameworks @loader_path/Frameworks";
				PRODUCT_BUNDLE_IDENTIFIER = com.text.moc.obal.esorih.TrainAlphaTests;
				PRODUCT_NAME = "$(TARGET_NAME)";
				TEST_HOST = "$(BUILT_PRODUCTS_DIR)/TrainAlpha.app/TrainAlpha";
			};
			name = Release;
		};
		4AE0D8591D3282E400D33554 /* Debug */ = {
			isa = XCBuildConfiguration;
			buildSettings = {
				INFOPLIST_FILE = TrainAlphaUITests/Info.plist;
				LD_RUNPATH_SEARCH_PATHS = "$(inherited) @executable_path/Frameworks @loader_path/Frameworks";
				PRODUCT_BUNDLE_IDENTIFIER = com.text.moc.obal.esorih.TrainAlphaUITests;
				PRODUCT_NAME = "$(TARGET_NAME)";
				TEST_TARGET_NAME = TrainAlpha;
			};
			name = Debug;
		};
		4AE0D85A1D3282E400D33554 /* Release */ = {
			isa = XCBuildConfiguration;
			buildSettings = {
				INFOPLIST_FILE = TrainAlphaUITests/Info.plist;
				LD_RUNPATH_SEARCH_PATHS = "$(inherited) @executable_path/Frameworks @loader_path/Frameworks";
				PRODUCT_BUNDLE_IDENTIFIER = com.text.moc.obal.esorih.TrainAlphaUITests;
				PRODUCT_NAME = "$(TARGET_NAME)";
				TEST_TARGET_NAME = TrainAlpha;
			};
			name = Release;
		};
/* End XCBuildConfiguration section */

/* Begin XCConfigurationList section */
		4AE0D8251D3282E400D33554 /* Build configuration list for PBXProject "TrainAlpha" */ = {
			isa = XCConfigurationList;
			buildConfigurations = (
				4AE0D8501D3282E400D33554 /* Debug */,
				4AE0D8511D3282E400D33554 /* Release */,
			);
			defaultConfigurationIsVisible = 0;
			defaultConfigurationName = Release;
		};
		4AE0D8521D3282E400D33554 /* Build configuration list for PBXNativeTarget "TrainAlpha" */ = {
			isa = XCConfigurationList;
			buildConfigurations = (
				4AE0D8531D3282E400D33554 /* Debug */,
				4AE0D8541D3282E400D33554 /* Release */,
			);
			defaultConfigurationIsVisible = 0;
		};
		4AE0D8551D3282E400D33554 /* Build configuration list for PBXNativeTarget "TrainAlphaTests" */ = {
			isa = XCConfigurationList;
			buildConfigurations = (
				4AE0D8561D3282E400D33554 /* Debug */,
				4AE0D8571D3282E400D33554 /* Release */,
			);
			defaultConfigurationIsVisible = 0;
		};
		4AE0D8581D3282E400D33554 /* Build configuration list for PBXNativeTarget "TrainAlphaUITests" */ = {
			isa = XCConfigurationList;
			buildConfigurations = (
				4AE0D8591D3282E400D33554 /* Debug */,
				4AE0D85A1D3282E400D33554 /* Release */,
			);
			defaultConfigurationIsVisible = 0;
		};
/* End XCConfigurationList section */
	};
	rootObject = 4AE0D8221D3282E400D33554 /* Project object */;
}
